
Microsoft Visual Studio Solution File, Format Version 12.00
# Visual Studio Version 17
VisualStudioVersion = 17.8.34601.278
MinimumVisualStudioVersion = 10.0.40219.1
Project("{FAE04EC0-301F-11D3-BF4B-00C04F79EFBC}") = "Bai1", "Bai1\Bai1.csproj", "{EE566439-21BB-4F3C-985A-723474225F06}"
EndProject
Global
	GlobalSection(SolutionConfigurationPlatforms) = preSolution
		Debug|Any CPU = Debug|Any CPU
		Release|Any CPU = Release|Any CPU
	EndGlobalSection
	GlobalSection(ProjectConfigurationPlatforms) = postSolution
		{EE566439-21BB-4F3C-985A-723474225F06}.Debug|Any CPU.ActiveCfg = Debug|Any CPU
		{EE566439-21BB-4F3C-985A-723474225F06}.Debug|Any CPU.Build.0 = Debug|Any CPU
		{EE566439-21BB-4F3C-985A-723474225F06}.Release|Any CPU.ActiveCfg = Release|Any CPU
		{EE566439-21BB-4F3C-985A-723474225F06}.Release|Any CPU.Build.0 = Release|Any CPU
	EndGlobalSection
	GlobalSection(SolutionProperties) = preSolution
		HideSolutionNode = FALSE
	EndGlobalSection
	GlobalSection(ExtensibilityGlobals) = postSolution
		SolutionGuid = {C587D8D2-F706-4A09-B80D-443B3E2B1DFB}
	EndGlobalSection
EndGlobal
